
Microsoft Visual Studio Solution File, Format Version 10.00
# Visual Studio 2008
Project("{FAE04EC0-301F-11D3-BF4B-00C04F79EFBC}") = "O_Sistema", "Jogo\O_Sistema.csproj", "{A94F4C83-7E73-40F2-9C2D-4C57FA086A39}"
EndProject
Project("{FAE04EC0-301F-11D3-BF4B-00C04F79EFBC}") = "CustomTextImporter", "CustomTextImporter\CustomTextImporter.csproj", "{6AD0BB8E-6C63-4EF4-BDFC-3A719A7948D9}"
EndProject
Project("{54435603-DBB4-11D2-8724-00A0C9A8B90C}") = "Setup", "Setup\Setup.vdproj", "{9CC7922E-40E1-4272-9429-9CD5A287C27C}"
EndProject
Global
	GlobalSection(SolutionConfigurationPlatforms) = preSolution
		Debug|Any CPU = Debug|Any CPU
		Debug|Mixed Platforms = Debug|Mixed Platforms
		Debug|x86 = Debug|x86
		Debug|Xbox 360 = Debug|Xbox 360
		Debug|Zune = Debug|Zune
		Profile|Any CPU = Profile|Any CPU
		Profile|Mixed Platforms = Profile|Mixed Platforms
		Profile|x86 = Profile|x86
		Profile|Xbox 360 = Profile|Xbox 360
		Profile|Zune = Profile|Zune
		Release|Any CPU = Release|Any CPU
		Release|Mixed Platforms = Release|Mixed Platforms
		Release|x86 = Release|x86
		Release|Xbox 360 = Release|Xbox 360
		Release|Zune = Release|Zune
	EndGlobalSection
	GlobalSection(ProjectConfigurationPlatforms) = postSolution
		{A94F4C83-7E73-40F2-9C2D-4C57FA086A39}.Debug|Any CPU.ActiveCfg = Debug|x86
		{A94F4C83-7E73-40F2-9C2D-4C57FA086A39}.Debug|Mixed Platforms.ActiveCfg = Debug|x86
		{A94F4C83-7E73-40F2-9C2D-4C57FA086A39}.Debug|Mixed Platforms.Build.0 = Debug|x86
		{A94F4C83-7E73-40F2-9C2D-4C57FA086A39}.Debug|x86.ActiveCfg = Debug|x86
		{A94F4C83-7E73-40F2-9C2D-4C57FA086A39}.Debug|x86.Build.0 = Debug|x86
		{A94F4C83-7E73-40F2-9C2D-4C57FA086A39}.Debug|Xbox 360.ActiveCfg = Debug|x86
		{A94F4C83-7E73-40F2-9C2D-4C57FA086A39}.Debug|Zune.ActiveCfg = Debug|x86
		{A94F4C83-7E73-40F2-9C2D-4C57FA086A39}.Profile|Any CPU.ActiveCfg = Profile|x86
		{A94F4C83-7E73-40F2-9C2D-4C57FA086A39}.Profile|Mixed Platforms.ActiveCfg = Profile|x86
		{A94F4C83-7E73-40F2-9C2D-4C57FA086A39}.Profile|Mixed Platforms.Build.0 = Profile|x86
		{A94F4C83-7E73-40F2-9C2D-4C57FA086A39}.Profile|x86.ActiveCfg = Profile|x86
		{A94F4C83-7E73-40F2-9C2D-4C57FA086A39}.Profile|x86.Build.0 = Profile|x86
		{A94F4C83-7E73-40F2-9C2D-4C57FA086A39}.Profile|Xbox 360.ActiveCfg = Profile|x86
		{A94F4C83-7E73-40F2-9C2D-4C57FA086A39}.Profile|Zune.ActiveCfg = Profile|x86
		{A94F4C83-7E73-40F2-9C2D-4C57FA086A39}.Release|Any CPU.ActiveCfg = Release|x86
		{A94F4C83-7E73-40F2-9C2D-4C57FA086A39}.Release|Mixed Platforms.ActiveCfg = Release|x86
		{A94F4C83-7E73-40F2-9C2D-4C57FA086A39}.Release|Mixed Platforms.Build.0 = Release|x86
		{A94F4C83-7E73-40F2-9C2D-4C57FA086A39}.Release|x86.ActiveCfg = Release|x86
		{A94F4C83-7E73-40F2-9C2D-4C57FA086A39}.Release|x86.Build.0 = Release|x86
		{A94F4C83-7E73-40F2-9C2D-4C57FA086A39}.Release|Xbox 360.ActiveCfg = Release|x86
		{A94F4C83-7E73-40F2-9C2D-4C57FA086A39}.Release|Zune.ActiveCfg = Release|x86
		{6AD0BB8E-6C63-4EF4-BDFC-3A719A7948D9}.Debug|Any CPU.ActiveCfg = Debug|Zune
		{6AD0BB8E-6C63-4EF4-BDFC-3A719A7948D9}.Debug|Mixed Platforms.ActiveCfg = Debug|Zune
		{6AD0BB8E-6C63-4EF4-BDFC-3A719A7948D9}.Debug|Mixed Platforms.Build.0 = Debug|Zune
		{6AD0BB8E-6C63-4EF4-BDFC-3A719A7948D9}.Debug|x86.ActiveCfg = Debug|x86
		{6AD0BB8E-6C63-4EF4-BDFC-3A719A7948D9}.Debug|x86.Build.0 = Debug|x86
		{6AD0BB8E-6C63-4EF4-BDFC-3A719A7948D9}.Debug|Xbox 360.ActiveCfg = Debug|Xbox 360
		{6AD0BB8E-6C63-4EF4-BDFC-3A719A7948D9}.Debug|Xbox 360.Build.0 = Debug|Xbox 360
		{6AD0BB8E-6C63-4EF4-BDFC-3A719A7948D9}.Debug|Zune.ActiveCfg = Debug|Zune
		{6AD0BB8E-6C63-4EF4-BDFC-3A719A7948D9}.Debug|Zune.Build.0 = Debug|Zune
		{6AD0BB8E-6C63-4EF4-BDFC-3A719A7948D9}.Profile|Any CPU.ActiveCfg = Profile|Zune
		{6AD0BB8E-6C63-4EF4-BDFC-3A719A7948D9}.Profile|Mixed Platforms.ActiveCfg = Profile|Zune
		{6AD0BB8E-6C63-4EF4-BDFC-3A719A7948D9}.Profile|Mixed Platforms.Build.0 = Profile|Zune
		{6AD0BB8E-6C63-4EF4-BDFC-3A719A7948D9}.Profile|x86.ActiveCfg = Profile|x86
		{6AD0BB8E-6C63-4EF4-BDFC-3A719A7948D9}.Profile|x86.Build.0 = Profile|x86
		{6AD0BB8E-6C63-4EF4-BDFC-3A719A7948D9}.Profile|Xbox 360.ActiveCfg = Profile|Xbox 360
		{6AD0BB8E-6C63-4EF4-BDFC-3A719A7948D9}.Profile|Xbox 360.Build.0 = Profile|Xbox 360
		{6AD0BB8E-6C63-4EF4-BDFC-3A719A7948D9}.Profile|Zune.ActiveCfg = Profile|Zune
		{6AD0BB8E-6C63-4EF4-BDFC-3A719A7948D9}.Profile|Zune.Build.0 = Profile|Zune
		{6AD0BB8E-6C63-4EF4-BDFC-3A719A7948D9}.Release|Any CPU.ActiveCfg = Release|Zune
		{6AD0BB8E-6C63-4EF4-BDFC-3A719A7948D9}.Release|Mixed Platforms.ActiveCfg = Release|Zune
		{6AD0BB8E-6C63-4EF4-BDFC-3A719A7948D9}.Release|Mixed Platforms.Build.0 = Release|Zune
		{6AD0BB8E-6C63-4EF4-BDFC-3A719A7948D9}.Release|x86.ActiveCfg = Release|x86
		{6AD0BB8E-6C63-4EF4-BDFC-3A719A7948D9}.Release|x86.Build.0 = Release|x86
		{6AD0BB8E-6C63-4EF4-BDFC-3A719A7948D9}.Release|Xbox 360.ActiveCfg = Release|Xbox 360
		{6AD0BB8E-6C63-4EF4-BDFC-3A719A7948D9}.Release|Xbox 360.Build.0 = Release|Xbox 360
		{6AD0BB8E-6C63-4EF4-BDFC-3A719A7948D9}.Release|Zune.ActiveCfg = Release|Zune
		{6AD0BB8E-6C63-4EF4-BDFC-3A719A7948D9}.Release|Zune.Build.0 = Release|Zune
		{4A9E6D69-5171-4791-9857-D5BB179FBBDE}.Debug|Any CPU.ActiveCfg = Debug|x86
		{4A9E6D69-5171-4791-9857-D5BB179FBBDE}.Debug|Mixed Platforms.ActiveCfg = Debug|x86
		{4A9E6D69-5171-4791-9857-D5BB179FBBDE}.Debug|x86.ActiveCfg = Debug|x86
		{4A9E6D69-5171-4791-9857-D5BB179FBBDE}.Debug|Xbox 360.ActiveCfg = Debug|x86
		{4A9E6D69-5171-4791-9857-D5BB179FBBDE}.Debug|Zune.ActiveCfg = Debug|x86
		{4A9E6D69-5171-4791-9857-D5BB179FBBDE}.Profile|Any CPU.ActiveCfg = Profile|x86
		{4A9E6D69-5171-4791-9857-D5BB179FBBDE}.Profile|Mixed Platforms.ActiveCfg = Profile|x86
		{4A9E6D69-5171-4791-9857-D5BB179FBBDE}.Profile|x86.ActiveCfg = Profile|x86
		{4A9E6D69-5171-4791-9857-D5BB179FBBDE}.Profile|Xbox 360.ActiveCfg = Profile|x86
		{4A9E6D69-5171-4791-9857-D5BB179FBBDE}.Profile|Zune.ActiveCfg = Profile|x86
		{4A9E6D69-5171-4791-9857-D5BB179FBBDE}.Release|Any CPU.ActiveCfg = Release|x86
		{4A9E6D69-5171-4791-9857-D5BB179FBBDE}.Release|Mixed Platforms.ActiveCfg = Release|x86
		{4A9E6D69-5171-4791-9857-D5BB179FBBDE}.Release|x86.ActiveCfg = Release|x86
		{4A9E6D69-5171-4791-9857-D5BB179FBBDE}.Release|Xbox 360.ActiveCfg = Release|x86
		{4A9E6D69-5171-4791-9857-D5BB179FBBDE}.Release|Zune.ActiveCfg = Release|x86
		{9CC7922E-40E1-4272-9429-9CD5A287C27C}.Debug|Any CPU.ActiveCfg = Debug
		{9CC7922E-40E1-4272-9429-9CD5A287C27C}.Debug|Mixed Platforms.ActiveCfg = Debug
		{9CC7922E-40E1-4272-9429-9CD5A287C27C}.Debug|x86.ActiveCfg = Debug
		{9CC7922E-40E1-4272-9429-9CD5A287C27C}.Debug|Xbox 360.ActiveCfg = Debug
		{9CC7922E-40E1-4272-9429-9CD5A287C27C}.Debug|Zune.ActiveCfg = Debug
		{9CC7922E-40E1-4272-9429-9CD5A287C27C}.Profile|Any CPU.ActiveCfg = Release
		{9CC7922E-40E1-4272-9429-9CD5A287C27C}.Profile|Mixed Platforms.ActiveCfg = Release
		{9CC7922E-40E1-4272-9429-9CD5A287C27C}.Profile|x86.ActiveCfg = Release
		{9CC7922E-40E1-4272-9429-9CD5A287C27C}.Profile|Xbox 360.ActiveCfg = Release
		{9CC7922E-40E1-4272-9429-9CD5A287C27C}.Profile|Zune.ActiveCfg = Release
		{9CC7922E-40E1-4272-9429-9CD5A287C27C}.Release|Any CPU.ActiveCfg = Release
		{9CC7922E-40E1-4272-9429-9CD5A287C27C}.Release|Mixed Platforms.ActiveCfg = Release
		{9CC7922E-40E1-4272-9429-9CD5A287C27C}.Release|x86.ActiveCfg = Release
		{9CC7922E-40E1-4272-9429-9CD5A287C27C}.Release|Xbox 360.ActiveCfg = Release
		{9CC7922E-40E1-4272-9429-9CD5A287C27C}.Release|Zune.ActiveCfg = Release
	EndGlobalSection
	GlobalSection(SolutionProperties) = preSolution
		HideSolutionNode = FALSE
	EndGlobalSection
EndGlobal
